
Microsoft Visual Studio Solution File, Format Version 12.00
# Visual Studio Version 16
VisualStudioVersion = 16.0.30907.101
MinimumVisualStudioVersion = 10.0.40219.1
Project("{FAE04EC0-301F-11D3-BF4B-00C04F79EFBC}") = "ManagedAppConfigurationForms.Android", "ManagedAppConfigurationForms\ManagedAppConfigurationForms.Android\ManagedAppConfigurationForms.Android.csproj", "{3A48BD90-F8F1-470D-ABE7-527428BAD58F}"
EndProject
Project("{FAE04EC0-301F-11D3-BF4B-00C04F79EFBC}") = "ManagedAppConfigurationForms.iOS", "ManagedAppConfigurationForms\ManagedAppConfigurationForms.iOS\ManagedAppConfigurationForms.iOS.csproj", "{6D309918-8737-4E3F-A841-12A51EE47E80}"
EndProject
Project("{FAE04EC0-301F-11D3-BF4B-00C04F79EFBC}") = "ManagedAppConfigurationForms", "ManagedAppConfigurationForms\ManagedAppConfigurationForms\ManagedAppConfigurationForms.csproj", "{3788BE61-0A96-4230-89F5-7E549F6A0D4D}"
EndProject
Global
	GlobalSection(SolutionConfigurationPlatforms) = preSolution
		Debug|Any CPU = Debug|Any CPU
		Debug|iPhone = Debug|iPhone
		Debug|iPhoneSimulator = Debug|iPhoneSimulator
		Release|Any CPU = Release|Any CPU
		Release|iPhone = Release|iPhone
		Release|iPhoneSimulator = Release|iPhoneSimulator
	EndGlobalSection
	GlobalSection(ProjectConfigurationPlatforms) = postSolution
		{3A48BD90-F8F1-470D-ABE7-527428BAD58F}.Debug|Any CPU.ActiveCfg = Debug|Any CPU
		{3A48BD90-F8F1-470D-ABE7-527428BAD58F}.Debug|Any CPU.Build.0 = Debug|Any CPU
		{3A48BD90-F8F1-470D-ABE7-527428BAD58F}.Debug|Any CPU.Deploy.0 = Debug|Any CPU
		{3A48BD90-F8F1-470D-ABE7-527428BAD58F}.Debug|iPhone.ActiveCfg = Debug|Any CPU
		{3A48BD90-F8F1-470D-ABE7-527428BAD58F}.Debug|iPhone.Build.0 = Debug|Any CPU
		{3A48BD90-F8F1-470D-ABE7-527428BAD58F}.Debug|iPhone.Deploy.0 = Debug|Any CPU
		{3A48BD90-F8F1-470D-ABE7-527428BAD58F}.Debug|iPhoneSimulator.ActiveCfg = Debug|Any CPU
		{3A48BD90-F8F1-470D-ABE7-527428BAD58F}.Debug|iPhoneSimulator.Build.0 = Debug|Any CPU
		{3A48BD90-F8F1-470D-ABE7-527428BAD58F}.Debug|iPhoneSimulator.Deploy.0 = Debug|Any CPU
		{3A48BD90-F8F1-470D-ABE7-527428BAD58F}.Release|Any CPU.ActiveCfg = Release|Any CPU
		{3A48BD90-F8F1-470D-ABE7-527428BAD58F}.Release|Any CPU.Build.0 = Release|Any CPU
		{3A48BD90-F8F1-470D-ABE7-527428BAD58F}.Release|Any CPU.Deploy.0 = Release|Any CPU
		{3A48BD90-F8F1-470D-ABE7-527428BAD58F}.Release|iPhone.ActiveCfg = Release|Any CPU
		{3A48BD90-F8F1-470D-ABE7-527428BAD58F}.Release|iPhone.Build.0 = Release|Any CPU
		{3A48BD90-F8F1-470D-ABE7-527428BAD58F}.Release|iPhone.Deploy.0 = Release|Any CPU
		{3A48BD90-F8F1-470D-ABE7-527428BAD58F}.Release|iPhoneSimulator.ActiveCfg = Release|Any CPU
		{3A48BD90-F8F1-470D-ABE7-527428BAD58F}.Release|iPhoneSimulator.Build.0 = Release|Any CPU
		{3A48BD90-F8F1-470D-ABE7-527428BAD58F}.Release|iPhoneSimulator.Deploy.0 = Release|Any CPU
		{6D309918-8737-4E3F-A841-12A51EE47E80}.Debug|Any CPU.ActiveCfg = Debug|iPhone
		{6D309918-8737-4E3F-A841-12A51EE47E80}.Debug|Any CPU.Build.0 = Debug|iPhone
		{6D309918-8737-4E3F-A841-12A51EE47E80}.Debug|Any CPU.Deploy.0 = Debug|iPhone
		{6D309918-8737-4E3F-A841-12A51EE47E80}.Debug|iPhone.ActiveCfg = Debug|iPhone
		{6D309918-8737-4E3F-A841-12A51EE47E80}.Debug|iPhone.Build.0 = Debug|iPhone
		{6D309918-8737-4E3F-A841-12A51EE47E80}.Debug|iPhone.Deploy.0 = Debug|iPhone
		{6D309918-8737-4E3F-A841-12A51EE47E80}.Debug|iPhoneSimulator.ActiveCfg = Debug|iPhoneSimulator
		{6D309918-8737-4E3F-A841-12A51EE47E80}.Debug|iPhoneSimulator.Build.0 = Debug|iPhoneSimulator
		{6D309918-8737-4E3F-A841-12A51EE47E80}.Debug|iPhoneSimulator.Deploy.0 = Debug|iPhoneSimulator
		{6D309918-8737-4E3F-A841-12A51EE47E80}.Release|Any CPU.ActiveCfg = Release|iPhoneSimulator
		{6D309918-8737-4E3F-A841-12A51EE47E80}.Release|Any CPU.Build.0 = Release|iPhoneSimulator
		{6D309918-8737-4E3F-A841-12A51EE47E80}.Release|Any CPU.Deploy.0 = Release|iPhoneSimulator
		{6D309918-8737-4E3F-A841-12A51EE47E80}.Release|iPhone.ActiveCfg = Release|iPhone
		{6D309918-8737-4E3F-A841-12A51EE47E80}.Release|iPhone.Build.0 = Release|iPhone
		{6D309918-8737-4E3F-A841-12A51EE47E80}.Release|iPhone.Deploy.0 = Release|iPhone
		{6D309918-8737-4E3F-A841-12A51EE47E80}.Release|iPhoneSimulator.ActiveCfg = Release|iPhoneSimulator
		{6D309918-8737-4E3F-A841-12A51EE47E80}.Release|iPhoneSimulator.Build.0 = Release|iPhoneSimulator
		{6D309918-8737-4E3F-A841-12A51EE47E80}.Release|iPhoneSimulator.Deploy.0 = Release|iPhoneSimulator
		{3788BE61-0A96-4230-89F5-7E549F6A0D4D}.Debug|Any CPU.ActiveCfg = Debug|Any CPU
		{3788BE61-0A96-4230-89F5-7E549F6A0D4D}.Debug|Any CPU.Build.0 = Debug|Any CPU
		{3788BE61-0A96-4230-89F5-7E549F6A0D4D}.Debug|Any CPU.Deploy.0 = Debug|Any CPU
		{3788BE61-0A96-4230-89F5-7E549F6A0D4D}.Debug|iPhone.ActiveCfg = Debug|Any CPU
		{3788BE61-0A96-4230-89F5-7E549F6A0D4D}.Debug|iPhone.Build.0 = Debug|Any CPU
		{3788BE61-0A96-4230-89F5-7E549F6A0D4D}.Debug|iPhone.Deploy.0 = Debug|Any CPU
		{3788BE61-0A96-4230-89F5-7E549F6A0D4D}.Debug|iPhoneSimulator.ActiveCfg = Debug|Any CPU
		{3788BE61-0A96-4230-89F5-7E549F6A0D4D}.Debug|iPhoneSimulator.Build.0 = Debug|Any CPU
		{3788BE61-0A96-4230-89F5-7E549F6A0D4D}.Debug|iPhoneSimulator.Deploy.0 = Debug|Any CPU
		{3788BE61-0A96-4230-89F5-7E549F6A0D4D}.Release|Any CPU.ActiveCfg = Release|Any CPU
		{3788BE61-0A96-4230-89F5-7E549F6A0D4D}.Release|Any CPU.Build.0 = Release|Any CPU
		{3788BE61-0A96-4230-89F5-7E549F6A0D4D}.Release|Any CPU.Deploy.0 = Release|Any CPU
		{3788BE61-0A96-4230-89F5-7E549F6A0D4D}.Release|iPhone.ActiveCfg = Release|Any CPU
		{3788BE61-0A96-4230-89F5-7E549F6A0D4D}.Release|iPhone.Build.0 = Release|Any CPU
		{3788BE61-0A96-4230-89F5-7E549F6A0D4D}.Release|iPhone.Deploy.0 = Release|Any CPU
		{3788BE61-0A96-4230-89F5-7E549F6A0D4D}.Release|iPhoneSimulator.ActiveCfg = Release|Any CPU
		{3788BE61-0A96-4230-89F5-7E549F6A0D4D}.Release|iPhoneSimulator.Build.0 = Release|Any CPU
		{3788BE61-0A96-4230-89F5-7E549F6A0D4D}.Release|iPhoneSimulator.Deploy.0 = Release|Any CPU
	EndGlobalSection
	GlobalSection(SolutionProperties) = preSolution
		HideSolutionNode = FALSE
	EndGlobalSection
	GlobalSection(ExtensibilityGlobals) = postSolution
		SolutionGuid = {5ECB55E7-A23C-4E33-9A22-042B361CD63D}
	EndGlobalSection
EndGlobal
